
Microsoft Visual Studio Solution File, Format Version 12.00
# Visual Studio Version 16
VisualStudioVersion = 16.0.31424.327
MinimumVisualStudioVersion = 10.0.40219.1
Project("{9A19103F-16F7-4668-BE54-9A1E7A4F7556}") = "FamousQuotes", "FamousQuotes\FamousQuotes.csproj", "{ED482CAC-2867-47DC-BB1A-B4A913F84104}"
EndProject
Project("{FAE04EC0-301F-11D3-BF4B-00C04F79EFBC}") = "FamousQuotesTests", "FamousQuotesTests\FamousQuotesTests.csproj", "{23DCF61C-547A-4CCD-AB93-69353C7C0223}"
EndProject
Global
	GlobalSection(SolutionConfigurationPlatforms) = preSolution
		Debug|Any CPU = Debug|Any CPU
		Release|Any CPU = Release|Any CPU
	EndGlobalSection
	GlobalSection(ProjectConfigurationPlatforms) = postSolution
		{ED482CAC-2867-47DC-BB1A-B4A913F84104}.Debug|Any CPU.ActiveCfg = Debug|Any CPU
		{ED482CAC-2867-47DC-BB1A-B4A913F84104}.Debug|Any CPU.Build.0 = Debug|Any CPU
		{ED482CAC-2867-47DC-BB1A-B4A913F84104}.Release|Any CPU.ActiveCfg = Release|Any CPU
		{ED482CAC-2867-47DC-BB1A-B4A913F84104}.Release|Any CPU.Build.0 = Release|Any CPU
		{23DCF61C-547A-4CCD-AB93-69353C7C0223}.Debug|Any CPU.ActiveCfg = Debug|Any CPU
		{23DCF61C-547A-4CCD-AB93-69353C7C0223}.Debug|Any CPU.Build.0 = Debug|Any CPU
		{23DCF61C-547A-4CCD-AB93-69353C7C0223}.Release|Any CPU.ActiveCfg = Release|Any CPU
		{23DCF61C-547A-4CCD-AB93-69353C7C0223}.Release|Any CPU.Build.0 = Release|Any CPU
	EndGlobalSection
	GlobalSection(SolutionProperties) = preSolution
		HideSolutionNode = FALSE
	EndGlobalSection
	GlobalSection(ExtensibilityGlobals) = postSolution
		SolutionGuid = {41F4D007-ABBE-4ABA-B1E3-00366DFA2FC6}
	EndGlobalSection
EndGlobal
